
Microsoft Visual Studio Solution File, Format Version 12.00
# Visual Studio 2012
Project("{8BC9CEB8-8B4A-11D0-8D11-00A0C91BC942}") = "shootingBall", "shootingBall\shootingBall.vcxproj", "{762D8EF3-DD5B-4266-BDFA-F15A8A52FD79}"
EndProject
Global
	GlobalSection(SolutionConfigurationPlatforms) = preSolution
		Debug|Win32 = Debug|Win32
		Release|Win32 = Release|Win32
	EndGlobalSection
	GlobalSection(ProjectConfigurationPlatforms) = postSolution
		{762D8EF3-DD5B-4266-BDFA-F15A8A52FD79}.Debug|Win32.ActiveCfg = Debug|Win32
		{762D8EF3-DD5B-4266-BDFA-F15A8A52FD79}.Debug|Win32.Build.0 = Debug|Win32
		{762D8EF3-DD5B-4266-BDFA-F15A8A52FD79}.Release|Win32.ActiveCfg = Release|Win32
		{762D8EF3-DD5B-4266-BDFA-F15A8A52FD79}.Release|Win32.Build.0 = Release|Win32
	EndGlobalSection
	GlobalSection(SolutionProperties) = preSolution
		HideSolutionNode = FALSE
	EndGlobalSection
EndGlobal
